Microsoft Visual Studio Solution File, Format Version 12.00
# Visual Studio Version 16
VisualStudioVersion = 16.0.29609.76
MinimumVisualStudioVersion = 15.0.28307.852
Project("{9A19103F-16F7-4668-BE54-9A1E7A4F7556}") = "EdFi.Ods.WebService.Tests", "..\..\Ed-Fi-ODS\Application\EdFi.Ods.WebService.Tests\EdFi.Ods.WebService.Tests.csproj", "{D642F18C-9E3A-40E0-9A8E-B4BEA3EB65C0}"
EndProject
Project("{9A19103F-16F7-4668-BE54-9A1E7A4F7556}") = "EdFi.Ods.Common", "..\..\Ed-Fi-ODS\Application\EdFi.Ods.Common\EdFi.Ods.Common.csproj", "{8D7CB143-8818-47A8-89E8-702D485E8DA0}"
EndProject
Project("{9A19103F-16F7-4668-BE54-9A1E7A4F7556}") = "EdFi.Ods.Sandbox", "..\..\Ed-Fi-ODS\Application\EdFi.Ods.Sandbox\EdFi.Ods.Sandbox.csproj", "{86BEC77A-1EEA-4570-8AF7-DAA4E7818353}"
EndProject
Project("{2150E333-8FDC-42A3-9474-1A3956D46DE8}") = "Tests", "Tests", "{F014EF5F-7ACE-48B8-BF62-DDBC9AD90630}"
EndProject
Project("{FAE04EC0-301F-11D3-BF4B-00C04F79EFBC}") = "EdFi.Ods.SwaggerUI", "EdFi.Ods.SwaggerUI\EdFi.Ods.SwaggerUI.csproj", "{34C0AF53-FF17-4D8C-A8F5-7EABD64CE305}"
EndProject
Project("{9A19103F-16F7-4668-BE54-9A1E7A4F7556}") = "Test.Common", "..\..\Ed-Fi-ODS\Application\Test.Common\Test.Common.csproj", "{DF5439DF-3B96-4E6E-970A-F9AFED6BD482}"
EndProject
Project("{2150E333-8FDC-42A3-9474-1A3956D46DE8}") = "Helpers", "Helpers", "{DE7A9EA6-C3EE-4F6F-BEFB-3101E0D7DF5E}"
EndProject
Project("{9A19103F-16F7-4668-BE54-9A1E7A4F7556}") = "EdFi.Ods.Security", "..\..\Ed-Fi-ODS\Application\EdFi.Ods.Security\EdFi.Ods.Security.csproj", "{21495A36-4946-4E1F-93A5-4A2AB2D5B38C}"
EndProject
Project("{9A19103F-16F7-4668-BE54-9A1E7A4F7556}") = "EdFi.Ods.Repositories.NHibernate.Tests", "..\..\Ed-Fi-ODS\Application\EdFi.Ods.Repositories.NHibernate.Tests\EdFi.Ods.Repositories.NHibernate.Tests.csproj", "{41582719-A2D8-432E-9463-BD58BBD17676}"
EndProject
Project("{9A19103F-16F7-4668-BE54-9A1E7A4F7556}") = "EdFi.Ods.Api", "..\..\Ed-Fi-ODS\Application\EdFi.Ods.Api\EdFi.Ods.Api.csproj", "{2A1D92BC-C388-425E-AEEE-0668BF472CCC}"
EndProject
Project("{FAE04EC0-301F-11D3-BF4B-00C04F79EFBC}") = "EdFi.Ods.SandboxAdmin.Web", "EdFi.Ods.SandboxAdmin.Web\EdFi.Ods.SandboxAdmin.Web.csproj", "{5AC84333-D566-41FE-8AD1-BDEDA5F1B0A6}"
EndProject
Project("{9A19103F-16F7-4668-BE54-9A1E7A4F7556}") = "EdFi.Ods.Admin", "..\..\Ed-Fi-ODS\Application\EdFi.Ods.Admin\EdFi.Ods.Admin.csproj", "{D0335B4F-B79B-4CCB-AB11-A4106C070513}"
EndProject
Project("{9A19103F-16F7-4668-BE54-9A1E7A4F7556}") = "EdFi.Ods.Tests", "..\..\Ed-Fi-ODS\Application\EdFi.Ods.Tests\EdFi.Ods.Tests.csproj", "{06D25DDA-12C5-4EFA-AB3D-FDF08AE7A432}"
EndProject
Project("{2150E333-8FDC-42A3-9474-1A3956D46DE8}") = "Integration", "Integration", "{3AD03A98-4A2C-42F1-997D-2468A0CCB77D}"
EndProject
Project("{2150E333-8FDC-42A3-9474-1A3956D46DE8}") = "Unit", "Unit", "{14352B5E-2434-4117-A063-2BBD4D87464D}"
EndProject
Project("{FAE04EC0-301F-11D3-BF4B-00C04F79EFBC}") = "EdFi.Ods.WebApi", "EdFi.Ods.WebApi\EdFi.Ods.WebApi.csproj", "{6B56B650-F9DB-4037-9A0E-029560C4B2AD}"
EndProject
Project("{9A19103F-16F7-4668-BE54-9A1E7A4F7556}") = "EdFi.Ods.Profiles.Test", "..\..\Ed-Fi-ODS\Application\EdFi.Ods.Profiles.Test\EdFi.Ods.Profiles.Test.csproj", "{E3FD8373-9915-4E06-BA2B-9DCEA0DAD6BC}"
EndProject
Project("{9A19103F-16F7-4668-BE54-9A1E7A4F7556}") = "EdFi.Ods.Composites.Enrollment", "..\..\Ed-Fi-ODS\Application\EdFi.Ods.Composites.Enrollment\EdFi.Ods.Composites.Enrollment.csproj", "{BA9A0F5B-FD66-4914-B6A1-0EF09C99465F}"
	ProjectSection(ProjectDependencies) = postProject
		{3FA79048-ED88-42B9-8C32-4C51FD2AC312} = {3FA79048-ED88-42B9-8C32-4C51FD2AC312}
		{8D7CB143-8818-47A8-89E8-702D485E8DA0} = {8D7CB143-8818-47A8-89E8-702D485E8DA0}
	EndProjectSection
EndProject
Project("{9A19103F-16F7-4668-BE54-9A1E7A4F7556}") = "EdFi.Ods.Composites.Test", "..\..\Ed-Fi-ODS\Application\EdFi.Ods.Composites.Test\EdFi.Ods.Composites.Test.csproj", "{8D60B22F-838D-44EC-9281-A088DBD53C91}"
	ProjectSection(ProjectDependencies) = postProject
		{3FA79048-ED88-42B9-8C32-4C51FD2AC312} = {3FA79048-ED88-42B9-8C32-4C51FD2AC312}
		{8D7CB143-8818-47A8-89E8-702D485E8DA0} = {8D7CB143-8818-47A8-89E8-702D485E8DA0}
	EndProjectSection
EndProject
Project("{9A19103F-16F7-4668-BE54-9A1E7A4F7556}") = "EdFi.Ods.Profiles.Sample", "..\..\Ed-Fi-ODS\Application\EdFi.Ods.Profiles.Sample\EdFi.Ods.Profiles.Sample.csproj", "{CFD55DFF-ED40-4495-85B2-BF9A0A43D879}"
EndProject
Project("{9A19103F-16F7-4668-BE54-9A1E7A4F7556}") = "EdFi.Ods.Standard", "..\..\Ed-Fi-ODS\Application\EdFi.Ods.Standard\EdFi.Ods.Standard.csproj", "{3FA79048-ED88-42B9-8C32-4C51FD2AC312}"
EndProject
Project("{9A19103F-16F7-4668-BE54-9A1E7A4F7556}") = "EdFi.Ods.Api.Startup", "..\..\Ed-Fi-ODS\Application\EdFi.Ods.Api.Startup\EdFi.Ods.Api.Startup.csproj", "{B5E847A8-8472-4B40-954A-198A35586C7C}"
	ProjectSection(ProjectDependencies) = postProject
		{BCD5C6A3-16D4-46CA-AD13-1F38A1A4245A} = {BCD5C6A3-16D4-46CA-AD13-1F38A1A4245A}
	EndProjectSection
EndProject
Project("{2150E333-8FDC-42A3-9474-1A3956D46DE8}") = "Ed-Fi Standard", "Ed-Fi Standard", "{3FF80F38-E44A-4CE0-B274-793E3E9B7042}"
EndProject
Project("{2150E333-8FDC-42A3-9474-1A3956D46DE8}") = "Admin", "Admin", "{DC40CF8E-5A05-454E-8D56-6157F3A25C82}"
EndProject
Project("{2150E333-8FDC-42A3-9474-1A3956D46DE8}") = "Composites", "Composites", "{5A1504BF-181C-4948-B9A7-FAA57C88B087}"
EndProject
Project("{2150E333-8FDC-42A3-9474-1A3956D46DE8}") = "Security", "Security", "{4F8E0044-5DB6-4964-A8F2-3776560FB39E}"
EndProject
Project("{2150E333-8FDC-42A3-9474-1A3956D46DE8}") = "Entry Points", "Entry Points", "{26FBA24F-2F1E-47EA-BDE2-EF57AE81D65D}"
EndProject
Project("{2150E333-8FDC-42A3-9474-1A3956D46DE8}") = "Profiles", "Profiles", "{6B596494-5C35-4A04-93A8-13B21EBF9910}"
EndProject
Project("{2150E333-8FDC-42A3-9474-1A3956D46DE8}") = "Ed-Fi-Extensions", "Ed-Fi-Extensions", "{FB19CCCC-DDD6-4751-83FF-937C39CEAA31}"
EndProject
Project("{9A19103F-16F7-4668-BE54-9A1E7A4F7556}") = "EdFi.Ods.Tests.TestExtension", "..\..\Ed-Fi-ODS\Application\EdFi.Ods.Tests.TestExtension\EdFi.Ods.Tests.TestExtension.csproj", "{26FF26B8-8A79-474C-BFAE-AA853248151C}"
EndProject
Project("{2150E333-8FDC-42A3-9474-1A3956D46DE8}") = "Ed-Fi Extensions", "Ed-Fi Extensions", "{F25ED154-FB97-4F39-933B-808D1B3B6D3E}"
EndProject
Project("{9A19103F-16F7-4668-BE54-9A1E7A4F7556}") = "EdFi.Ods.Extensions.Sample", "EdFi.Ods.Extensions.Sample\EdFi.Ods.Extensions.Sample.csproj", "{BCD5C6A3-16D4-46CA-AD13-1F38A1A4245A}"
EndProject
Project("{9A19103F-16F7-4668-BE54-9A1E7A4F7556}") = "EdFi.Ods.Profiles.ExtensionsSample", "EdFi.Ods.Profiles.ExtensionsSample\EdFi.Ods.Profiles.ExtensionsSample.csproj", "{82F9555D-5653-4A36-ACAA-D8948EB22FAF}"
EndProject
Project("{2150E333-8FDC-42A3-9474-1A3956D46DE8}") = "ChangeQueries", "ChangeQueries", "{F073DF3E-409E-4B50-8A03-DC7E0AC30463}"
EndProject
Project("{9A19103F-16F7-4668-BE54-9A1E7A4F7556}") = "EdFi.Ods.ChangeQueries", "..\..\Ed-Fi-ODS\Application\EdFi.Ods.ChangeQueries\EdFi.Ods.ChangeQueries.csproj", "{43C46C03-B216-4F2D-8B57-7BCEF0212767}"
EndProject
Project("{9A19103F-16F7-4668-BE54-9A1E7A4F7556}") = "EdFi.Ods.Common.Http", "..\..\Ed-Fi-ODS\Application\EdFi.Ods.Common.Http\EdFi.Ods.Common.Http.csproj", "{3EEE3F1F-9745-4F76-8219-5589849EC2D5}"
EndProject
Project("{9A19103F-16F7-4668-BE54-9A1E7A4F7556}") = "EdFi.Ods.Extensions.Homograph", "EdFi.Ods.Extensions.Homograph\EdFi.Ods.Extensions.Homograph.csproj", "{6710953A-5A70-4E95-A27C-1855FF492F52}"
EndProject
Project("{9A19103F-16F7-4668-BE54-9A1E7A4F7556}") = "EdFi.Admin.DataAccess.IntegrationTests", "..\..\Ed-Fi-ODS\tests\EdFi.Admin.DataAccess.IntegrationTests\EdFi.Admin.DataAccess.IntegrationTests.csproj", "{61C8DC76-C6EF-43EA-8820-0796E6D3D53C}"
EndProject
Project("{2150E333-8FDC-42A3-9474-1A3956D46DE8}") = "Features", "Features", "{E214F607-B637-4AF5-9A68-61CB86507E4A}"
EndProject
Project("{9A19103F-16F7-4668-BE54-9A1E7A4F7556}") = "EdFi.Ods.Features.OwnershipBasedAuthorization", "EdFi.Ods.Features.OwnershipBasedAuthorization\EdFi.Ods.Features.OwnershipBasedAuthorization.csproj", "{DFD89624-8424-4878-8DF4-3C7C449AF990}"
EndProject
Project("{9A19103F-16F7-4668-BE54-9A1E7A4F7556}") = "EdFi.Ods.Features.UniqueIdIntegration", "..\..\Ed-Fi-ODS\Application\EdFi.Ods.Features.UniqueIdIntegration\EdFi.Ods.Features.UniqueIdIntegration.csproj", "{197952F6-BFC3-481D-A94B-1DA0CF5FDA01}"
EndProject
Project("{9A19103F-16F7-4668-BE54-9A1E7A4F7556}") = "EdFi.Ods.Api.IntegrationTestHarness", "EdFi.Ods.Api.IntegrationTestHarness\EdFi.Ods.Api.IntegrationTestHarness.csproj", "{6371DB70-4AC7-48F3-AFE2-C87736FCEB9A}"
EndProject
Project("{9A19103F-16F7-4668-BE54-9A1E7A4F7556}") = "EdFi.TestObjects", "..\..\Ed-Fi-ODS\Application\EdFi.TestObjects\EdFi.TestObjects.csproj", "{F77C0D3C-0CBC-45AF-A0C0-2604D629CF6E}"
EndProject
Project("{9A19103F-16F7-4668-BE54-9A1E7A4F7556}") = "EdFi.TestFixture", "..\..\Ed-Fi-ODS\tests\EdFi.TestFixture\EdFi.TestFixture.csproj", "{FEBBE19B-F93F-48EC-BE0F-DBF3B00333C1}"
EndProject
Project("{9A19103F-16F7-4668-BE54-9A1E7A4F7556}") = "EdFi.Security.DataAccess", "..\..\Ed-Fi-ODS\Application\EdFi.Security.DataAccess\EdFi.Security.DataAccess.csproj", "{1ACF010B-2092-4377-844E-FD710B6404BD}"
EndProject
Project("{9A19103F-16F7-4668-BE54-9A1E7A4F7556}") = "EdFi.Admin.DataAccess", "..\..\Ed-Fi-ODS\Application\EdFi.Admin.DataAccess\EdFi.Admin.DataAccess.csproj", "{E18A4602-21A7-4737-BEB3-D3ED06EB4C81}"
EndProject
Project("{9A19103F-16F7-4668-BE54-9A1E7A4F7556}") = "EdFi.Admin.DataAccess.UnitTests", "..\..\Ed-Fi-ODS\tests\EdFi.Admin.DataAccess.UnitTests\EdFi.Admin.DataAccess.UnitTests.csproj", "{42E7C6B0-4EFF-4AB6-8083-7AF7CBE2288F}"
EndProject
Project("{9A19103F-16F7-4668-BE54-9A1E7A4F7556}") = "EdFi.Ods.Admin.Tests", "..\..\Ed-Fi-ODS\Application\EdFi.Ods.Admin.Tests\EdFi.Ods.Admin.Tests.csproj", "{D67B54A7-0275-484C-8F6C-28808383A0F6}"
EndProject
Project("{9A19103F-16F7-4668-BE54-9A1E7A4F7556}") = "EdFi.Security.DataAccess.UnitTests", "..\..\Ed-Fi-ODS\tests\EdFi.Security.DataAccess.UnitTests\EdFi.Security.DataAccess.UnitTests.csproj", "{5D29E54C-0788-42D3-AC34-F7E144975458}"
EndProject
Project("{9A19103F-16F7-4668-BE54-9A1E7A4F7556}") = "EdFi.Common", "..\..\Ed-Fi-ODS\Application\EdFi.Common\EdFi.Common.csproj", "{20B254D0-396C-49DF-A5CB-CEBE1A8FEC60}"
EndProject
Project("{9A19103F-16F7-4668-BE54-9A1E7A4F7556}") = "EdFi.Ods.Extensions.TPDM", "EdFi.Ods.Extensions.TPDM\EdFi.Ods.Extensions.TPDM.csproj", "{B6D495AA-C463-46E8-AB60-5857A0FF0708}"
EndProject
Project("{2150E333-8FDC-42A3-9474-1A3956D46DE8}") = "_ProjectInformation", "_ProjectInformation", "{AF062E8B-178C-4ABE-B9E8-214B1DD4EC3A}"
	ProjectSection(SolutionItems) = preProject
		..\CONTRIBUTORS.md = ..\CONTRIBUTORS.md
		..\NOTICES.md = ..\NOTICES.md
		..\README.md = ..\README.md
	EndProjectSection
EndProject
Project("{9A19103F-16F7-4668-BE54-9A1E7A4F7556}") = "EdFi.Ods.SwaggerUI.NetCore", "EdFi.Ods.SwaggerUI.NetCore\EdFi.Ods.SwaggerUI.NetCore.csproj", "{C5D74231-9058-4655-B14A-8D3C0B1EC318}"
EndProject
Global
	GlobalSection(SolutionConfigurationPlatforms) = preSolution
		Debug|Any CPU = Debug|Any CPU
		Npgsql|Any CPU = Npgsql|Any CPU
		Release|Any CPU = Release|Any CPU
	EndGlobalSection
	GlobalSection(ProjectConfigurationPlatforms) = postSolution
		{D642F18C-9E3A-40E0-9A8E-B4BEA3EB65C0}.Debug|Any CPU.ActiveCfg = Debug|Any CPU
		{D642F18C-9E3A-40E0-9A8E-B4BEA3EB65C0}.Debug|Any CPU.Build.0 = Debug|Any CPU
		{D642F18C-9E3A-40E0-9A8E-B4BEA3EB65C0}.Npgsql|Any CPU.ActiveCfg = Debug|Any CPU
		{D642F18C-9E3A-40E0-9A8E-B4BEA3EB65C0}.Npgsql|Any CPU.Build.0 = Debug|Any CPU
		{D642F18C-9E3A-40E0-9A8E-B4BEA3EB65C0}.Release|Any CPU.ActiveCfg = Release|Any CPU
		{D642F18C-9E3A-40E0-9A8E-B4BEA3EB65C0}.Release|Any CPU.Build.0 = Release|Any CPU
		{8D7CB143-8818-47A8-89E8-702D485E8DA0}.Debug|Any CPU.ActiveCfg = Debug|Any CPU
		{8D7CB143-8818-47A8-89E8-702D485E8DA0}.Debug|Any CPU.Build.0 = Debug|Any CPU
		{8D7CB143-8818-47A8-89E8-702D485E8DA0}.Npgsql|Any CPU.ActiveCfg = Debug|Any CPU
		{8D7CB143-8818-47A8-89E8-702D485E8DA0}.Npgsql|Any CPU.Build.0 = Debug|Any CPU
		{8D7CB143-8818-47A8-89E8-702D485E8DA0}.Release|Any CPU.ActiveCfg = Release|Any CPU
		{8D7CB143-8818-47A8-89E8-702D485E8DA0}.Release|Any CPU.Build.0 = Release|Any CPU
		{86BEC77A-1EEA-4570-8AF7-DAA4E7818353}.Debug|Any CPU.ActiveCfg = Debug|Any CPU
		{86BEC77A-1EEA-4570-8AF7-DAA4E7818353}.Debug|Any CPU.Build.0 = Debug|Any CPU
		{86BEC77A-1EEA-4570-8AF7-DAA4E7818353}.Npgsql|Any CPU.ActiveCfg = Debug|Any CPU
		{86BEC77A-1EEA-4570-8AF7-DAA4E7818353}.Npgsql|Any CPU.Build.0 = Debug|Any CPU
		{86BEC77A-1EEA-4570-8AF7-DAA4E7818353}.Release|Any CPU.ActiveCfg = Release|Any CPU
		{86BEC77A-1EEA-4570-8AF7-DAA4E7818353}.Release|Any CPU.Build.0 = Release|Any CPU
		{34C0AF53-FF17-4D8C-A8F5-7EABD64CE305}.Debug|Any CPU.ActiveCfg = Debug|Any CPU
		{34C0AF53-FF17-4D8C-A8F5-7EABD64CE305}.Debug|Any CPU.Build.0 = Debug|Any CPU
		{34C0AF53-FF17-4D8C-A8F5-7EABD64CE305}.Npgsql|Any CPU.ActiveCfg = Npgsql|Any CPU
		{34C0AF53-FF17-4D8C-A8F5-7EABD64CE305}.Npgsql|Any CPU.Build.0 = Npgsql|Any CPU
		{34C0AF53-FF17-4D8C-A8F5-7EABD64CE305}.Release|Any CPU.ActiveCfg = Release|Any CPU
		{34C0AF53-FF17-4D8C-A8F5-7EABD64CE305}.Release|Any CPU.Build.0 = Release|Any CPU
		{DF5439DF-3B96-4E6E-970A-F9AFED6BD482}.Debug|Any CPU.ActiveCfg = Debug|Any CPU
		{DF5439DF-3B96-4E6E-970A-F9AFED6BD482}.Debug|Any CPU.Build.0 = Debug|Any CPU
		{DF5439DF-3B96-4E6E-970A-F9AFED6BD482}.Npgsql|Any CPU.ActiveCfg = Debug|Any CPU
		{DF5439DF-3B96-4E6E-970A-F9AFED6BD482}.Npgsql|Any CPU.Build.0 = Debug|Any CPU
		{DF5439DF-3B96-4E6E-970A-F9AFED6BD482}.Release|Any CPU.ActiveCfg = Release|Any CPU
		{DF5439DF-3B96-4E6E-970A-F9AFED6BD482}.Release|Any CPU.Build.0 = Release|Any CPU
		{21495A36-4946-4E1F-93A5-4A2AB2D5B38C}.Debug|Any CPU.ActiveCfg = Debug|Any CPU
		{21495A36-4946-4E1F-93A5-4A2AB2D5B38C}.Debug|Any CPU.Build.0 = Debug|Any CPU
		{21495A36-4946-4E1F-93A5-4A2AB2D5B38C}.Npgsql|Any CPU.ActiveCfg = Debug|Any CPU
		{21495A36-4946-4E1F-93A5-4A2AB2D5B38C}.Npgsql|Any CPU.Build.0 = Debug|Any CPU
		{21495A36-4946-4E1F-93A5-4A2AB2D5B38C}.Release|Any CPU.ActiveCfg = Release|Any CPU
		{21495A36-4946-4E1F-93A5-4A2AB2D5B38C}.Release|Any CPU.Build.0 = Release|Any CPU
		{41582719-A2D8-432E-9463-BD58BBD17676}.Debug|Any CPU.ActiveCfg = Debug|Any CPU
		{41582719-A2D8-432E-9463-BD58BBD17676}.Debug|Any CPU.Build.0 = Debug|Any CPU
		{41582719-A2D8-432E-9463-BD58BBD17676}.Npgsql|Any CPU.ActiveCfg = Debug|Any CPU
		{41582719-A2D8-432E-9463-BD58BBD17676}.Npgsql|Any CPU.Build.0 = Debug|Any CPU
		{41582719-A2D8-432E-9463-BD58BBD17676}.Release|Any CPU.ActiveCfg = Release|Any CPU
		{41582719-A2D8-432E-9463-BD58BBD17676}.Release|Any CPU.Build.0 = Release|Any CPU
		{2A1D92BC-C388-425E-AEEE-0668BF472CCC}.Debug|Any CPU.ActiveCfg = Debug|Any CPU
		{2A1D92BC-C388-425E-AEEE-0668BF472CCC}.Debug|Any CPU.Build.0 = Debug|Any CPU
		{2A1D92BC-C388-425E-AEEE-0668BF472CCC}.Npgsql|Any CPU.ActiveCfg = Debug|Any CPU
		{2A1D92BC-C388-425E-AEEE-0668BF472CCC}.Npgsql|Any CPU.Build.0 = Debug|Any CPU
		{2A1D92BC-C388-425E-AEEE-0668BF472CCC}.Release|Any CPU.ActiveCfg = Release|Any CPU
		{2A1D92BC-C388-425E-AEEE-0668BF472CCC}.Release|Any CPU.Build.0 = Release|Any CPU
		{5AC84333-D566-41FE-8AD1-BDEDA5F1B0A6}.Debug|Any CPU.ActiveCfg = Debug|Any CPU
		{5AC84333-D566-41FE-8AD1-BDEDA5F1B0A6}.Debug|Any CPU.Build.0 = Debug|Any CPU
		{5AC84333-D566-41FE-8AD1-BDEDA5F1B0A6}.Npgsql|Any CPU.ActiveCfg = Npgsql|Any CPU
		{5AC84333-D566-41FE-8AD1-BDEDA5F1B0A6}.Npgsql|Any CPU.Build.0 = Npgsql|Any CPU
		{5AC84333-D566-41FE-8AD1-BDEDA5F1B0A6}.Release|Any CPU.ActiveCfg = Release|Any CPU
		{5AC84333-D566-41FE-8AD1-BDEDA5F1B0A6}.Release|Any CPU.Build.0 = Release|Any CPU
		{D0335B4F-B79B-4CCB-AB11-A4106C070513}.Debug|Any CPU.ActiveCfg = Debug|Any CPU
		{D0335B4F-B79B-4CCB-AB11-A4106C070513}.Debug|Any CPU.Build.0 = Debug|Any CPU
		{D0335B4F-B79B-4CCB-AB11-A4106C070513}.Npgsql|Any CPU.ActiveCfg = Debug|Any CPU
		{D0335B4F-B79B-4CCB-AB11-A4106C070513}.Npgsql|Any CPU.Build.0 = Debug|Any CPU
		{D0335B4F-B79B-4CCB-AB11-A4106C070513}.Release|Any CPU.ActiveCfg = Release|Any CPU
		{D0335B4F-B79B-4CCB-AB11-A4106C070513}.Release|Any CPU.Build.0 = Release|Any CPU
		{06D25DDA-12C5-4EFA-AB3D-FDF08AE7A432}.Debug|Any CPU.ActiveCfg = Debug|Any CPU
		{06D25DDA-12C5-4EFA-AB3D-FDF08AE7A432}.Debug|Any CPU.Build.0 = Debug|Any CPU
		{06D25DDA-12C5-4EFA-AB3D-FDF08AE7A432}.Npgsql|Any CPU.ActiveCfg = Debug|Any CPU
		{06D25DDA-12C5-4EFA-AB3D-FDF08AE7A432}.Npgsql|Any CPU.Build.0 = Debug|Any CPU
		{06D25DDA-12C5-4EFA-AB3D-FDF08AE7A432}.Release|Any CPU.ActiveCfg = Release|Any CPU
		{06D25DDA-12C5-4EFA-AB3D-FDF08AE7A432}.Release|Any CPU.Build.0 = Release|Any CPU
		{6B56B650-F9DB-4037-9A0E-029560C4B2AD}.Debug|Any CPU.ActiveCfg = Debug|Any CPU
		{6B56B650-F9DB-4037-9A0E-029560C4B2AD}.Debug|Any CPU.Build.0 = Debug|Any CPU
		{6B56B650-F9DB-4037-9A0E-029560C4B2AD}.Npgsql|Any CPU.ActiveCfg = Npgsql|Any CPU
		{6B56B650-F9DB-4037-9A0E-029560C4B2AD}.Npgsql|Any CPU.Build.0 = Npgsql|Any CPU
		{6B56B650-F9DB-4037-9A0E-029560C4B2AD}.Release|Any CPU.ActiveCfg = Release|Any CPU
		{6B56B650-F9DB-4037-9A0E-029560C4B2AD}.Release|Any CPU.Build.0 = Release|Any CPU
		{E3FD8373-9915-4E06-BA2B-9DCEA0DAD6BC}.Debug|Any CPU.ActiveCfg = Debug|Any CPU
		{E3FD8373-9915-4E06-BA2B-9DCEA0DAD6BC}.Debug|Any CPU.Build.0 = Debug|Any CPU
		{E3FD8373-9915-4E06-BA2B-9DCEA0DAD6BC}.Npgsql|Any CPU.ActiveCfg = Debug|Any CPU
		{E3FD8373-9915-4E06-BA2B-9DCEA0DAD6BC}.Npgsql|Any CPU.Build.0 = Debug|Any CPU
		{E3FD8373-9915-4E06-BA2B-9DCEA0DAD6BC}.Release|Any CPU.ActiveCfg = Release|Any CPU
		{E3FD8373-9915-4E06-BA2B-9DCEA0DAD6BC}.Release|Any CPU.Build.0 = Release|Any CPU
		{BA9A0F5B-FD66-4914-B6A1-0EF09C99465F}.Debug|Any CPU.ActiveCfg = Debug|Any CPU
		{BA9A0F5B-FD66-4914-B6A1-0EF09C99465F}.Debug|Any CPU.Build.0 = Debug|Any CPU
		{BA9A0F5B-FD66-4914-B6A1-0EF09C99465F}.Npgsql|Any CPU.ActiveCfg = Debug|Any CPU
		{BA9A0F5B-FD66-4914-B6A1-0EF09C99465F}.Npgsql|Any CPU.Build.0 = Debug|Any CPU
		{BA9A0F5B-FD66-4914-B6A1-0EF09C99465F}.Release|Any CPU.ActiveCfg = Release|Any CPU
		{BA9A0F5B-FD66-4914-B6A1-0EF09C99465F}.Release|Any CPU.Build.0 = Release|Any CPU
		{8D60B22F-838D-44EC-9281-A088DBD53C91}.Debug|Any CPU.ActiveCfg = Debug|Any CPU
		{8D60B22F-838D-44EC-9281-A088DBD53C91}.Debug|Any CPU.Build.0 = Debug|Any CPU
		{8D60B22F-838D-44EC-9281-A088DBD53C91}.Npgsql|Any CPU.ActiveCfg = Debug|Any CPU
		{8D60B22F-838D-44EC-9281-A088DBD53C91}.Npgsql|Any CPU.Build.0 = Debug|Any CPU
		{8D60B22F-838D-44EC-9281-A088DBD53C91}.Release|Any CPU.ActiveCfg = Release|Any CPU
		{8D60B22F-838D-44EC-9281-A088DBD53C91}.Release|Any CPU.Build.0 = Release|Any CPU
		{CFD55DFF-ED40-4495-85B2-BF9A0A43D879}.Debug|Any CPU.ActiveCfg = Debug|Any CPU
		{CFD55DFF-ED40-4495-85B2-BF9A0A43D879}.Debug|Any CPU.Build.0 = Debug|Any CPU
		{CFD55DFF-ED40-4495-85B2-BF9A0A43D879}.Npgsql|Any CPU.ActiveCfg = Debug|Any CPU
		{CFD55DFF-ED40-4495-85B2-BF9A0A43D879}.Npgsql|Any CPU.Build.0 = Debug|Any CPU
		{CFD55DFF-ED40-4495-85B2-BF9A0A43D879}.Release|Any CPU.ActiveCfg = Release|Any CPU
		{CFD55DFF-ED40-4495-85B2-BF9A0A43D879}.Release|Any CPU.Build.0 = Release|Any CPU
		{3FA79048-ED88-42B9-8C32-4C51FD2AC312}.Debug|Any CPU.ActiveCfg = Debug|Any CPU
		{3FA79048-ED88-42B9-8C32-4C51FD2AC312}.Debug|Any CPU.Build.0 = Debug|Any CPU
		{3FA79048-ED88-42B9-8C32-4C51FD2AC312}.Npgsql|Any CPU.ActiveCfg = Debug|Any CPU
		{3FA79048-ED88-42B9-8C32-4C51FD2AC312}.Npgsql|Any CPU.Build.0 = Debug|Any CPU
		{3FA79048-ED88-42B9-8C32-4C51FD2AC312}.Release|Any CPU.ActiveCfg = Release|Any CPU
		{3FA79048-ED88-42B9-8C32-4C51FD2AC312}.Release|Any CPU.Build.0 = Release|Any CPU
		{B5E847A8-8472-4B40-954A-198A35586C7C}.Debug|Any CPU.ActiveCfg = Debug|Any CPU
		{B5E847A8-8472-4B40-954A-198A35586C7C}.Debug|Any CPU.Build.0 = Debug|Any CPU
		{B5E847A8-8472-4B40-954A-198A35586C7C}.Npgsql|Any CPU.ActiveCfg = Debug|Any CPU
		{B5E847A8-8472-4B40-954A-198A35586C7C}.Npgsql|Any CPU.Build.0 = Debug|Any CPU
		{B5E847A8-8472-4B40-954A-198A35586C7C}.Release|Any CPU.ActiveCfg = Release|Any CPU
		{B5E847A8-8472-4B40-954A-198A35586C7C}.Release|Any CPU.Build.0 = Release|Any CPU
		{26FF26B8-8A79-474C-BFAE-AA853248151C}.Debug|Any CPU.ActiveCfg = Debug|Any CPU
		{26FF26B8-8A79-474C-BFAE-AA853248151C}.Debug|Any CPU.Build.0 = Debug|Any CPU
		{26FF26B8-8A79-474C-BFAE-AA853248151C}.Npgsql|Any CPU.ActiveCfg = Debug|Any CPU
		{26FF26B8-8A79-474C-BFAE-AA853248151C}.Npgsql|Any CPU.Build.0 = Debug|Any CPU
		{26FF26B8-8A79-474C-BFAE-AA853248151C}.Release|Any CPU.ActiveCfg = Release|Any CPU
		{26FF26B8-8A79-474C-BFAE-AA853248151C}.Release|Any CPU.Build.0 = Release|Any CPU
		{BCD5C6A3-16D4-46CA-AD13-1F38A1A4245A}.Debug|Any CPU.ActiveCfg = Debug|Any CPU
		{BCD5C6A3-16D4-46CA-AD13-1F38A1A4245A}.Debug|Any CPU.Build.0 = Debug|Any CPU
		{BCD5C6A3-16D4-46CA-AD13-1F38A1A4245A}.Npgsql|Any CPU.ActiveCfg = Debug|Any CPU
		{BCD5C6A3-16D4-46CA-AD13-1F38A1A4245A}.Npgsql|Any CPU.Build.0 = Debug|Any CPU
		{BCD5C6A3-16D4-46CA-AD13-1F38A1A4245A}.Release|Any CPU.ActiveCfg = Release|Any CPU
		{BCD5C6A3-16D4-46CA-AD13-1F38A1A4245A}.Release|Any CPU.Build.0 = Release|Any CPU
		{82F9555D-5653-4A36-ACAA-D8948EB22FAF}.Debug|Any CPU.ActiveCfg = Debug|Any CPU
		{82F9555D-5653-4A36-ACAA-D8948EB22FAF}.Debug|Any CPU.Build.0 = Debug|Any CPU
		{82F9555D-5653-4A36-ACAA-D8948EB22FAF}.Npgsql|Any CPU.ActiveCfg = Debug|Any CPU
		{82F9555D-5653-4A36-ACAA-D8948EB22FAF}.Npgsql|Any CPU.Build.0 = Debug|Any CPU
		{82F9555D-5653-4A36-ACAA-D8948EB22FAF}.Release|Any CPU.ActiveCfg = Release|Any CPU
		{82F9555D-5653-4A36-ACAA-D8948EB22FAF}.Release|Any CPU.Build.0 = Release|Any CPU
		{43C46C03-B216-4F2D-8B57-7BCEF0212767}.Debug|Any CPU.ActiveCfg = Debug|Any CPU
		{43C46C03-B216-4F2D-8B57-7BCEF0212767}.Debug|Any CPU.Build.0 = Debug|Any CPU
		{43C46C03-B216-4F2D-8B57-7BCEF0212767}.Npgsql|Any CPU.ActiveCfg = Debug|Any CPU
		{43C46C03-B216-4F2D-8B57-7BCEF0212767}.Npgsql|Any CPU.Build.0 = Debug|Any CPU
		{43C46C03-B216-4F2D-8B57-7BCEF0212767}.Release|Any CPU.ActiveCfg = Release|Any CPU
		{43C46C03-B216-4F2D-8B57-7BCEF0212767}.Release|Any CPU.Build.0 = Release|Any CPU
		{3EEE3F1F-9745-4F76-8219-5589849EC2D5}.Debug|Any CPU.ActiveCfg = Debug|Any CPU
		{3EEE3F1F-9745-4F76-8219-5589849EC2D5}.Debug|Any CPU.Build.0 = Debug|Any CPU
		{3EEE3F1F-9745-4F76-8219-5589849EC2D5}.Npgsql|Any CPU.ActiveCfg = Debug|Any CPU
		{3EEE3F1F-9745-4F76-8219-5589849EC2D5}.Npgsql|Any CPU.Build.0 = Debug|Any CPU
		{3EEE3F1F-9745-4F76-8219-5589849EC2D5}.Release|Any CPU.ActiveCfg = Release|Any CPU
		{3EEE3F1F-9745-4F76-8219-5589849EC2D5}.Release|Any CPU.Build.0 = Release|Any CPU
		{6710953A-5A70-4E95-A27C-1855FF492F52}.Debug|Any CPU.ActiveCfg = Debug|Any CPU
		{6710953A-5A70-4E95-A27C-1855FF492F52}.Debug|Any CPU.Build.0 = Debug|Any CPU
		{6710953A-5A70-4E95-A27C-1855FF492F52}.Npgsql|Any CPU.ActiveCfg = Debug|Any CPU
		{6710953A-5A70-4E95-A27C-1855FF492F52}.Npgsql|Any CPU.Build.0 = Debug|Any CPU
		{6710953A-5A70-4E95-A27C-1855FF492F52}.Release|Any CPU.ActiveCfg = Release|Any CPU
		{6710953A-5A70-4E95-A27C-1855FF492F52}.Release|Any CPU.Build.0 = Release|Any CPU
		{61C8DC76-C6EF-43EA-8820-0796E6D3D53C}.Debug|Any CPU.ActiveCfg = Debug|Any CPU
		{61C8DC76-C6EF-43EA-8820-0796E6D3D53C}.Debug|Any CPU.Build.0 = Debug|Any CPU
		{61C8DC76-C6EF-43EA-8820-0796E6D3D53C}.Npgsql|Any CPU.ActiveCfg = Release|Any CPU
		{61C8DC76-C6EF-43EA-8820-0796E6D3D53C}.Npgsql|Any CPU.Build.0 = Release|Any CPU
		{61C8DC76-C6EF-43EA-8820-0796E6D3D53C}.Release|Any CPU.ActiveCfg = Release|Any CPU
		{61C8DC76-C6EF-43EA-8820-0796E6D3D53C}.Release|Any CPU.Build.0 = Release|Any CPU
		{DFD89624-8424-4878-8DF4-3C7C449AF990}.Debug|Any CPU.ActiveCfg = Debug|Any CPU
		{DFD89624-8424-4878-8DF4-3C7C449AF990}.Debug|Any CPU.Build.0 = Debug|Any CPU
		{DFD89624-8424-4878-8DF4-3C7C449AF990}.Npgsql|Any CPU.ActiveCfg = Debug|Any CPU
		{DFD89624-8424-4878-8DF4-3C7C449AF990}.Npgsql|Any CPU.Build.0 = Debug|Any CPU
		{DFD89624-8424-4878-8DF4-3C7C449AF990}.Release|Any CPU.ActiveCfg = Release|Any CPU
		{DFD89624-8424-4878-8DF4-3C7C449AF990}.Release|Any CPU.Build.0 = Release|Any CPU
		{197952F6-BFC3-481D-A94B-1DA0CF5FDA01}.Debug|Any CPU.ActiveCfg = Debug|Any CPU
		{197952F6-BFC3-481D-A94B-1DA0CF5FDA01}.Debug|Any CPU.Build.0 = Debug|Any CPU
		{197952F6-BFC3-481D-A94B-1DA0CF5FDA01}.Npgsql|Any CPU.ActiveCfg = Debug|Any CPU
		{197952F6-BFC3-481D-A94B-1DA0CF5FDA01}.Npgsql|Any CPU.Build.0 = Debug|Any CPU
		{197952F6-BFC3-481D-A94B-1DA0CF5FDA01}.Release|Any CPU.ActiveCfg = Release|Any CPU
		{197952F6-BFC3-481D-A94B-1DA0CF5FDA01}.Release|Any CPU.Build.0 = Release|Any CPU
		{6371DB70-4AC7-48F3-AFE2-C87736FCEB9A}.Debug|Any CPU.ActiveCfg = Debug|Any CPU
		{6371DB70-4AC7-48F3-AFE2-C87736FCEB9A}.Debug|Any CPU.Build.0 = Debug|Any CPU
		{6371DB70-4AC7-48F3-AFE2-C87736FCEB9A}.Npgsql|Any CPU.ActiveCfg = Npgsql|Any CPU
		{6371DB70-4AC7-48F3-AFE2-C87736FCEB9A}.Npgsql|Any CPU.Build.0 = Npgsql|Any CPU
		{6371DB70-4AC7-48F3-AFE2-C87736FCEB9A}.Release|Any CPU.ActiveCfg = Release|Any CPU
		{6371DB70-4AC7-48F3-AFE2-C87736FCEB9A}.Release|Any CPU.Build.0 = Release|Any CPU
		{F77C0D3C-0CBC-45AF-A0C0-2604D629CF6E}.Debug|Any CPU.ActiveCfg = Debug|Any CPU
		{F77C0D3C-0CBC-45AF-A0C0-2604D629CF6E}.Debug|Any CPU.Build.0 = Debug|Any CPU
		{F77C0D3C-0CBC-45AF-A0C0-2604D629CF6E}.Npgsql|Any CPU.ActiveCfg = Debug|Any CPU
		{F77C0D3C-0CBC-45AF-A0C0-2604D629CF6E}.Npgsql|Any CPU.Build.0 = Debug|Any CPU
		{F77C0D3C-0CBC-45AF-A0C0-2604D629CF6E}.Release|Any CPU.ActiveCfg = Release|Any CPU
		{F77C0D3C-0CBC-45AF-A0C0-2604D629CF6E}.Release|Any CPU.Build.0 = Release|Any CPU
		{FEBBE19B-F93F-48EC-BE0F-DBF3B00333C1}.Debug|Any CPU.ActiveCfg = Debug|Any CPU
		{FEBBE19B-F93F-48EC-BE0F-DBF3B00333C1}.Debug|Any CPU.Build.0 = Debug|Any CPU
		{FEBBE19B-F93F-48EC-BE0F-DBF3B00333C1}.Npgsql|Any CPU.ActiveCfg = Release|Any CPU
		{FEBBE19B-F93F-48EC-BE0F-DBF3B00333C1}.Npgsql|Any CPU.Build.0 = Release|Any CPU
		{FEBBE19B-F93F-48EC-BE0F-DBF3B00333C1}.Release|Any CPU.ActiveCfg = Release|Any CPU
		{FEBBE19B-F93F-48EC-BE0F-DBF3B00333C1}.Release|Any CPU.Build.0 = Release|Any CPU
		{1ACF010B-2092-4377-844E-FD710B6404BD}.Debug|Any CPU.ActiveCfg = Debug|Any CPU
		{1ACF010B-2092-4377-844E-FD710B6404BD}.Debug|Any CPU.Build.0 = Debug|Any CPU
		{1ACF010B-2092-4377-844E-FD710B6404BD}.Npgsql|Any CPU.ActiveCfg = Debug|Any CPU
		{1ACF010B-2092-4377-844E-FD710B6404BD}.Npgsql|Any CPU.Build.0 = Debug|Any CPU
		{1ACF010B-2092-4377-844E-FD710B6404BD}.Release|Any CPU.ActiveCfg = Release|Any CPU
		{1ACF010B-2092-4377-844E-FD710B6404BD}.Release|Any CPU.Build.0 = Release|Any CPU
		{E18A4602-21A7-4737-BEB3-D3ED06EB4C81}.Debug|Any CPU.ActiveCfg = Debug|Any CPU
		{E18A4602-21A7-4737-BEB3-D3ED06EB4C81}.Debug|Any CPU.Build.0 = Debug|Any CPU
		{E18A4602-21A7-4737-BEB3-D3ED06EB4C81}.Npgsql|Any CPU.ActiveCfg = Debug|Any CPU
		{E18A4602-21A7-4737-BEB3-D3ED06EB4C81}.Npgsql|Any CPU.Build.0 = Debug|Any CPU
		{E18A4602-21A7-4737-BEB3-D3ED06EB4C81}.Release|Any CPU.ActiveCfg = Release|Any CPU
		{E18A4602-21A7-4737-BEB3-D3ED06EB4C81}.Release|Any CPU.Build.0 = Release|Any CPU
		{42E7C6B0-4EFF-4AB6-8083-7AF7CBE2288F}.Debug|Any CPU.ActiveCfg = Debug|Any CPU
		{42E7C6B0-4EFF-4AB6-8083-7AF7CBE2288F}.Debug|Any CPU.Build.0 = Debug|Any CPU
		{42E7C6B0-4EFF-4AB6-8083-7AF7CBE2288F}.Npgsql|Any CPU.ActiveCfg = Debug|Any CPU
		{42E7C6B0-4EFF-4AB6-8083-7AF7CBE2288F}.Npgsql|Any CPU.Build.0 = Debug|Any CPU
		{42E7C6B0-4EFF-4AB6-8083-7AF7CBE2288F}.Release|Any CPU.ActiveCfg = Release|Any CPU
		{42E7C6B0-4EFF-4AB6-8083-7AF7CBE2288F}.Release|Any CPU.Build.0 = Release|Any CPU
		{D67B54A7-0275-484C-8F6C-28808383A0F6}.Debug|Any CPU.ActiveCfg = Debug|Any CPU
		{D67B54A7-0275-484C-8F6C-28808383A0F6}.Debug|Any CPU.Build.0 = Debug|Any CPU
		{D67B54A7-0275-484C-8F6C-28808383A0F6}.Npgsql|Any CPU.ActiveCfg = Debug|Any CPU
		{D67B54A7-0275-484C-8F6C-28808383A0F6}.Npgsql|Any CPU.Build.0 = Debug|Any CPU
		{D67B54A7-0275-484C-8F6C-28808383A0F6}.Release|Any CPU.ActiveCfg = Release|Any CPU
		{D67B54A7-0275-484C-8F6C-28808383A0F6}.Release|Any CPU.Build.0 = Release|Any CPU
		{5D29E54C-0788-42D3-AC34-F7E144975458}.Debug|Any CPU.ActiveCfg = Debug|Any CPU
		{5D29E54C-0788-42D3-AC34-F7E144975458}.Debug|Any CPU.Build.0 = Debug|Any CPU
		{5D29E54C-0788-42D3-AC34-F7E144975458}.Npgsql|Any CPU.ActiveCfg = Debug|Any CPU
		{5D29E54C-0788-42D3-AC34-F7E144975458}.Npgsql|Any CPU.Build.0 = Debug|Any CPU
		{5D29E54C-0788-42D3-AC34-F7E144975458}.Release|Any CPU.ActiveCfg = Release|Any CPU
		{5D29E54C-0788-42D3-AC34-F7E144975458}.Release|Any CPU.Build.0 = Release|Any CPU
		{20B254D0-396C-49DF-A5CB-CEBE1A8FEC60}.Debug|Any CPU.ActiveCfg = Debug|Any CPU
		{20B254D0-396C-49DF-A5CB-CEBE1A8FEC60}.Debug|Any CPU.Build.0 = Debug|Any CPU
		{20B254D0-396C-49DF-A5CB-CEBE1A8FEC60}.Npgsql|Any CPU.ActiveCfg = Debug|Any CPU
		{20B254D0-396C-49DF-A5CB-CEBE1A8FEC60}.Npgsql|Any CPU.Build.0 = Debug|Any CPU
		{20B254D0-396C-49DF-A5CB-CEBE1A8FEC60}.Release|Any CPU.ActiveCfg = Release|Any CPU
		{20B254D0-396C-49DF-A5CB-CEBE1A8FEC60}.Release|Any CPU.Build.0 = Release|Any CPU
		{B6D495AA-C463-46E8-AB60-5857A0FF0708}.Debug|Any CPU.ActiveCfg = Debug|Any CPU
		{B6D495AA-C463-46E8-AB60-5857A0FF0708}.Debug|Any CPU.Build.0 = Debug|Any CPU
		{B6D495AA-C463-46E8-AB60-5857A0FF0708}.Npgsql|Any CPU.ActiveCfg = Debug|Any CPU
		{B6D495AA-C463-46E8-AB60-5857A0FF0708}.Npgsql|Any CPU.Build.0 = Debug|Any CPU
		{B6D495AA-C463-46E8-AB60-5857A0FF0708}.Release|Any CPU.ActiveCfg = Release|Any CPU
		{B6D495AA-C463-46E8-AB60-5857A0FF0708}.Release|Any CPU.Build.0 = Release|Any CPU
		{C5D74231-9058-4655-B14A-8D3C0B1EC318}.Debug|Any CPU.ActiveCfg = Debug|Any CPU
		{C5D74231-9058-4655-B14A-8D3C0B1EC318}.Debug|Any CPU.Build.0 = Debug|Any CPU
		{C5D74231-9058-4655-B14A-8D3C0B1EC318}.Npgsql|Any CPU.ActiveCfg = Debug|Any CPU
		{C5D74231-9058-4655-B14A-8D3C0B1EC318}.Npgsql|Any CPU.Build.0 = Debug|Any CPU
		{C5D74231-9058-4655-B14A-8D3C0B1EC318}.Release|Any CPU.ActiveCfg = Release|Any CPU
		{C5D74231-9058-4655-B14A-8D3C0B1EC318}.Release|Any CPU.Build.0 = Release|Any CPU
	EndGlobalSection
	GlobalSection(SolutionProperties) = preSolution
		HideSolutionNode = FALSE
	EndGlobalSection
	GlobalSection(NestedProjects) = preSolution
		{D642F18C-9E3A-40E0-9A8E-B4BEA3EB65C0} = {3AD03A98-4A2C-42F1-997D-2468A0CCB77D}
		{86BEC77A-1EEA-4570-8AF7-DAA4E7818353} = {DC40CF8E-5A05-454E-8D56-6157F3A25C82}
		{34C0AF53-FF17-4D8C-A8F5-7EABD64CE305} = {26FBA24F-2F1E-47EA-BDE2-EF57AE81D65D}
		{DF5439DF-3B96-4E6E-970A-F9AFED6BD482} = {DE7A9EA6-C3EE-4F6F-BEFB-3101E0D7DF5E}
		{DE7A9EA6-C3EE-4F6F-BEFB-3101E0D7DF5E} = {F014EF5F-7ACE-48B8-BF62-DDBC9AD90630}
		{21495A36-4946-4E1F-93A5-4A2AB2D5B38C} = {4F8E0044-5DB6-4964-A8F2-3776560FB39E}
		{41582719-A2D8-432E-9463-BD58BBD17676} = {3AD03A98-4A2C-42F1-997D-2468A0CCB77D}
		{5AC84333-D566-41FE-8AD1-BDEDA5F1B0A6} = {26FBA24F-2F1E-47EA-BDE2-EF57AE81D65D}
		{D0335B4F-B79B-4CCB-AB11-A4106C070513} = {DC40CF8E-5A05-454E-8D56-6157F3A25C82}
		{06D25DDA-12C5-4EFA-AB3D-FDF08AE7A432} = {14352B5E-2434-4117-A063-2BBD4D87464D}
		{3AD03A98-4A2C-42F1-997D-2468A0CCB77D} = {F014EF5F-7ACE-48B8-BF62-DDBC9AD90630}
		{14352B5E-2434-4117-A063-2BBD4D87464D} = {F014EF5F-7ACE-48B8-BF62-DDBC9AD90630}
		{6B56B650-F9DB-4037-9A0E-029560C4B2AD} = {26FBA24F-2F1E-47EA-BDE2-EF57AE81D65D}
		{E3FD8373-9915-4E06-BA2B-9DCEA0DAD6BC} = {6B596494-5C35-4A04-93A8-13B21EBF9910}
		{BA9A0F5B-FD66-4914-B6A1-0EF09C99465F} = {5A1504BF-181C-4948-B9A7-FAA57C88B087}
		{8D60B22F-838D-44EC-9281-A088DBD53C91} = {5A1504BF-181C-4948-B9A7-FAA57C88B087}
		{CFD55DFF-ED40-4495-85B2-BF9A0A43D879} = {6B596494-5C35-4A04-93A8-13B21EBF9910}
		{3FA79048-ED88-42B9-8C32-4C51FD2AC312} = {3FF80F38-E44A-4CE0-B274-793E3E9B7042}
		{FB19CCCC-DDD6-4751-83FF-937C39CEAA31} = {F014EF5F-7ACE-48B8-BF62-DDBC9AD90630}
		{26FF26B8-8A79-474C-BFAE-AA853248151C} = {FB19CCCC-DDD6-4751-83FF-937C39CEAA31}
		{BCD5C6A3-16D4-46CA-AD13-1F38A1A4245A} = {F25ED154-FB97-4F39-933B-808D1B3B6D3E}
		{82F9555D-5653-4A36-ACAA-D8948EB22FAF} = {6B596494-5C35-4A04-93A8-13B21EBF9910}
		{43C46C03-B216-4F2D-8B57-7BCEF0212767} = {F073DF3E-409E-4B50-8A03-DC7E0AC30463}
		{6710953A-5A70-4E95-A27C-1855FF492F52} = {F25ED154-FB97-4F39-933B-808D1B3B6D3E}
		{61C8DC76-C6EF-43EA-8820-0796E6D3D53C} = {3AD03A98-4A2C-42F1-997D-2468A0CCB77D}
		{E214F607-B637-4AF5-9A68-61CB86507E4A} = {4F8E0044-5DB6-4964-A8F2-3776560FB39E}
		{DFD89624-8424-4878-8DF4-3C7C449AF990} = {E214F607-B637-4AF5-9A68-61CB86507E4A}
		{197952F6-BFC3-481D-A94B-1DA0CF5FDA01} = {E214F607-B637-4AF5-9A68-61CB86507E4A}
		{6371DB70-4AC7-48F3-AFE2-C87736FCEB9A} = {3AD03A98-4A2C-42F1-997D-2468A0CCB77D}
		{F77C0D3C-0CBC-45AF-A0C0-2604D629CF6E} = {DE7A9EA6-C3EE-4F6F-BEFB-3101E0D7DF5E}
		{FEBBE19B-F93F-48EC-BE0F-DBF3B00333C1} = {14352B5E-2434-4117-A063-2BBD4D87464D}
		{1ACF010B-2092-4377-844E-FD710B6404BD} = {4F8E0044-5DB6-4964-A8F2-3776560FB39E}
		{E18A4602-21A7-4737-BEB3-D3ED06EB4C81} = {DC40CF8E-5A05-454E-8D56-6157F3A25C82}
		{42E7C6B0-4EFF-4AB6-8083-7AF7CBE2288F} = {14352B5E-2434-4117-A063-2BBD4D87464D}
		{D67B54A7-0275-484C-8F6C-28808383A0F6} = {3AD03A98-4A2C-42F1-997D-2468A0CCB77D}
		{5D29E54C-0788-42D3-AC34-F7E144975458} = {14352B5E-2434-4117-A063-2BBD4D87464D}
		{B6D495AA-C463-46E8-AB60-5857A0FF0708} = {F25ED154-FB97-4F39-933B-808D1B3B6D3E}
		{C5D74231-9058-4655-B14A-8D3C0B1EC318} = {26FBA24F-2F1E-47EA-BDE2-EF57AE81D65D}
	EndGlobalSection
	GlobalSection(ExtensibilityGlobals) = postSolution
		SolutionGuid = {91F27EA2-CFF0-4054-A019-B8AA23AF9319}
	EndGlobalSection
EndGlobal
