Microsoft Visual Studio Solution File, Format Version 12.00
# Visual Studio Version 16
VisualStudioVersion = 16.0.29609.76
MinimumVisualStudioVersion = 15.0.28307.852
Project("{9A19103F-16F7-4668-BE54-9A1E7A4F7556}") = "EdFi.Ods.Common", "..\..\Ed-Fi-ODS\Application\EdFi.Ods.Common\EdFi.Ods.Common.csproj", "{8D7CB143-8818-47A8-89E8-702D485E8DA0}"
EndProject
Project("{9A19103F-16F7-4668-BE54-9A1E7A4F7556}") = "EdFi.Ods.Sandbox", "..\..\Ed-Fi-ODS\Application\EdFi.Ods.Sandbox\EdFi.Ods.Sandbox.csproj", "{86BEC77A-1EEA-4570-8AF7-DAA4E7818353}"
EndProject
Project("{2150E333-8FDC-42A3-9474-1A3956D46DE8}") = "Tests", "Tests", "{F014EF5F-7ACE-48B8-BF62-DDBC9AD90630}"
EndProject
Project("{9A19103F-16F7-4668-BE54-9A1E7A4F7556}") = "Test.Common", "..\..\Ed-Fi-ODS\Application\Test.Common\Test.Common.csproj", "{DF5439DF-3B96-4E6E-970A-F9AFED6BD482}"
EndProject
Project("{2150E333-8FDC-42A3-9474-1A3956D46DE8}") = "Helpers", "Helpers", "{DE7A9EA6-C3EE-4F6F-BEFB-3101E0D7DF5E}"
EndProject
Project("{9A19103F-16F7-4668-BE54-9A1E7A4F7556}") = "EdFi.Ods.Security", "..\..\Ed-Fi-ODS\Application\EdFi.Ods.Security\EdFi.Ods.Security.csproj", "{21495A36-4946-4E1F-93A5-4A2AB2D5B38C}"
EndProject
Project("{9A19103F-16F7-4668-BE54-9A1E7A4F7556}") = "EdFi.Ods.Repositories.NHibernate.Tests", "..\..\Ed-Fi-ODS\Application\EdFi.Ods.Repositories.NHibernate.Tests\EdFi.Ods.Repositories.NHibernate.Tests.csproj", "{41582719-A2D8-432E-9463-BD58BBD17676}"
EndProject
Project("{9A19103F-16F7-4668-BE54-9A1E7A4F7556}") = "EdFi.Ods.Api", "..\..\Ed-Fi-ODS\Application\EdFi.Ods.Api\EdFi.Ods.Api.csproj", "{2A1D92BC-C388-425E-AEEE-0668BF472CCC}"
EndProject
Project("{9A19103F-16F7-4668-BE54-9A1E7A4F7556}") = "EdFi.Ods.Tests", "..\..\Ed-Fi-ODS\Application\EdFi.Ods.Tests\EdFi.Ods.Tests.csproj", "{06D25DDA-12C5-4EFA-AB3D-FDF08AE7A432}"
EndProject
Project("{2150E333-8FDC-42A3-9474-1A3956D46DE8}") = "Integration", "Integration", "{3AD03A98-4A2C-42F1-997D-2468A0CCB77D}"
EndProject
Project("{2150E333-8FDC-42A3-9474-1A3956D46DE8}") = "Unit", "Unit", "{14352B5E-2434-4117-A063-2BBD4D87464D}"
EndProject
Project("{9A19103F-16F7-4668-BE54-9A1E7A4F7556}") = "EdFi.Ods.Profiles.Test", "..\..\Ed-Fi-ODS\Application\EdFi.Ods.Profiles.Test\EdFi.Ods.Profiles.Test.csproj", "{E3FD8373-9915-4E06-BA2B-9DCEA0DAD6BC}"
EndProject
Project("{9A19103F-16F7-4668-BE54-9A1E7A4F7556}") = "EdFi.Ods.Composites.Enrollment", "..\..\Ed-Fi-ODS\Application\EdFi.Ods.Composites.Enrollment\EdFi.Ods.Composites.Enrollment.csproj", "{BA9A0F5B-FD66-4914-B6A1-0EF09C99465F}"
	ProjectSection(ProjectDependencies) = postProject
		{3FA79048-ED88-42B9-8C32-4C51FD2AC312} = {3FA79048-ED88-42B9-8C32-4C51FD2AC312}
		{8D7CB143-8818-47A8-89E8-702D485E8DA0} = {8D7CB143-8818-47A8-89E8-702D485E8DA0}
	EndProjectSection
EndProject
Project("{9A19103F-16F7-4668-BE54-9A1E7A4F7556}") = "EdFi.Ods.Composites.Test", "..\..\Ed-Fi-ODS\Application\EdFi.Ods.Composites.Test\EdFi.Ods.Composites.Test.csproj", "{8D60B22F-838D-44EC-9281-A088DBD53C91}"
	ProjectSection(ProjectDependencies) = postProject
		{3FA79048-ED88-42B9-8C32-4C51FD2AC312} = {3FA79048-ED88-42B9-8C32-4C51FD2AC312}
		{8D7CB143-8818-47A8-89E8-702D485E8DA0} = {8D7CB143-8818-47A8-89E8-702D485E8DA0}
	EndProjectSection
EndProject
Project("{9A19103F-16F7-4668-BE54-9A1E7A4F7556}") = "EdFi.Ods.Standard", "..\..\Ed-Fi-ODS\Application\EdFi.Ods.Standard\EdFi.Ods.Standard.csproj", "{3FA79048-ED88-42B9-8C32-4C51FD2AC312}"
EndProject
Project("{2150E333-8FDC-42A3-9474-1A3956D46DE8}") = "Ed-Fi Standard", "Ed-Fi Standard", "{3FF80F38-E44A-4CE0-B274-793E3E9B7042}"
EndProject
Project("{2150E333-8FDC-42A3-9474-1A3956D46DE8}") = "Admin", "Admin", "{DC40CF8E-5A05-454E-8D56-6157F3A25C82}"
EndProject
Project("{2150E333-8FDC-42A3-9474-1A3956D46DE8}") = "Composites", "Composites", "{5A1504BF-181C-4948-B9A7-FAA57C88B087}"
EndProject
Project("{2150E333-8FDC-42A3-9474-1A3956D46DE8}") = "Security", "Security", "{4F8E0044-5DB6-4964-A8F2-3776560FB39E}"
EndProject
Project("{2150E333-8FDC-42A3-9474-1A3956D46DE8}") = "Entry Points", "Entry Points", "{26FBA24F-2F1E-47EA-BDE2-EF57AE81D65D}"
EndProject
Project("{2150E333-8FDC-42A3-9474-1A3956D46DE8}") = "Profiles", "Profiles", "{6B596494-5C35-4A04-93A8-13B21EBF9910}"
EndProject
Project("{2150E333-8FDC-42A3-9474-1A3956D46DE8}") = "Ed-Fi-Extensions", "Ed-Fi-Extensions", "{FB19CCCC-DDD6-4751-83FF-937C39CEAA31}"
EndProject
Project("{9A19103F-16F7-4668-BE54-9A1E7A4F7556}") = "EdFi.Ods.Tests.TestExtension", "..\..\Ed-Fi-ODS\Application\EdFi.Ods.Tests.TestExtension\EdFi.Ods.Tests.TestExtension.csproj", "{26FF26B8-8A79-474C-BFAE-AA853248151C}"
EndProject
Project("{2150E333-8FDC-42A3-9474-1A3956D46DE8}") = "Ed-Fi Extensions", "Ed-Fi Extensions", "{F25ED154-FB97-4F39-933B-808D1B3B6D3E}"
EndProject
Project("{9A19103F-16F7-4668-BE54-9A1E7A4F7556}") = "EdFi.Admin.DataAccess.IntegrationTests", "..\..\Ed-Fi-ODS\tests\EdFi.Admin.DataAccess.IntegrationTests\EdFi.Admin.DataAccess.IntegrationTests.csproj", "{61C8DC76-C6EF-43EA-8820-0796E6D3D53C}"
EndProject
Project("{2150E333-8FDC-42A3-9474-1A3956D46DE8}") = "Features", "Features", "{E214F607-B637-4AF5-9A68-61CB86507E4A}"
EndProject
Project("{9A19103F-16F7-4668-BE54-9A1E7A4F7556}") = "EdFi.Ods.Features.OwnershipBasedAuthorization", "EdFi.Ods.Features.OwnershipBasedAuthorization\EdFi.Ods.Features.OwnershipBasedAuthorization.csproj", "{DFD89624-8424-4878-8DF4-3C7C449AF990}"
EndProject
Project("{9A19103F-16F7-4668-BE54-9A1E7A4F7556}") = "EdFi.Ods.Api.IntegrationTestHarness", "EdFi.Ods.Api.IntegrationTestHarness\EdFi.Ods.Api.IntegrationTestHarness.csproj", "{6371DB70-4AC7-48F3-AFE2-C87736FCEB9A}"
EndProject
Project("{9A19103F-16F7-4668-BE54-9A1E7A4F7556}") = "EdFi.TestObjects", "..\..\Ed-Fi-ODS\Application\EdFi.TestObjects\EdFi.TestObjects.csproj", "{F77C0D3C-0CBC-45AF-A0C0-2604D629CF6E}"
EndProject
Project("{9A19103F-16F7-4668-BE54-9A1E7A4F7556}") = "EdFi.Security.DataAccess", "..\..\Ed-Fi-ODS\Application\EdFi.Security.DataAccess\EdFi.Security.DataAccess.csproj", "{1ACF010B-2092-4377-844E-FD710B6404BD}"
EndProject
Project("{9A19103F-16F7-4668-BE54-9A1E7A4F7556}") = "EdFi.Admin.DataAccess", "..\..\Ed-Fi-ODS\Application\EdFi.Admin.DataAccess\EdFi.Admin.DataAccess.csproj", "{E18A4602-21A7-4737-BEB3-D3ED06EB4C81}"
EndProject
Project("{9A19103F-16F7-4668-BE54-9A1E7A4F7556}") = "EdFi.Admin.DataAccess.UnitTests", "..\..\Ed-Fi-ODS\tests\EdFi.Admin.DataAccess.UnitTests\EdFi.Admin.DataAccess.UnitTests.csproj", "{42E7C6B0-4EFF-4AB6-8083-7AF7CBE2288F}"
EndProject
Project("{9A19103F-16F7-4668-BE54-9A1E7A4F7556}") = "EdFi.Security.DataAccess.UnitTests", "..\..\Ed-Fi-ODS\tests\EdFi.Security.DataAccess.UnitTests\EdFi.Security.DataAccess.UnitTests.csproj", "{5D29E54C-0788-42D3-AC34-F7E144975458}"
EndProject
Project("{9A19103F-16F7-4668-BE54-9A1E7A4F7556}") = "EdFi.Ods.Features", "..\..\Ed-Fi-ODS\Application\EdFi.Ods.Features\EdFi.Ods.Features.csproj", "{64381013-0EDC-46D3-9E24-E5500DF00A2A}"
EndProject
Project("{9A19103F-16F7-4668-BE54-9A1E7A4F7556}") = "EdFi.TestFixture", "..\..\Ed-Fi-ODS\tests\EdFi.TestFixture\EdFi.TestFixture.csproj", "{81FE570F-FDA0-4184-8F26-D925423FDE57}"
EndProject
Project("{2150E333-8FDC-42A3-9474-1A3956D46DE8}") = "_ProjectInformation", "_ProjectInformation", "{AF062E8B-178C-4ABE-B9E8-214B1DD4EC3A}"
	ProjectSection(SolutionItems) = preProject
		..\CONTRIBUTORS.md = ..\CONTRIBUTORS.md
		..\NOTICES.md = ..\NOTICES.md
		..\README.md = ..\README.md
	EndProjectSection
EndProject
Project("{9A19103F-16F7-4668-BE54-9A1E7A4F7556}") = "EdFi.Common.UnitTests", "..\..\Ed-Fi-ODS\tests\EdFi.Common.UnitTests\EdFi.Common.UnitTests.csproj", "{37CB77F7-1C51-480C-B536-CDBF5DE26E10}"
EndProject
Project("{9A19103F-16F7-4668-BE54-9A1E7A4F7556}") = "EdFi.Ods.SwaggerUI", "EdFi.Ods.SwaggerUI\EdFi.Ods.SwaggerUI.csproj", "{11894549-6088-46EA-BBD9-52F254E70FDA}"
EndProject
Project("{9A19103F-16F7-4668-BE54-9A1E7A4F7556}") = "EdFi.Ods.SandboxAdmin", "EdFi.Ods.SandboxAdmin\EdFi.Ods.SandboxAdmin.csproj", "{D2E6E31D-FA21-4CF6-8C59-CF69BE4FDD50}"
EndProject
Project("{9A19103F-16F7-4668-BE54-9A1E7A4F7556}") = "EdFi.Ods.WebApi.IntegrationTests", "..\..\Ed-Fi-ODS\tests\EdFi.Ods.WebApi.IntegrationTests\EdFi.Ods.WebApi.IntegrationTests.csproj", "{CBD9894A-188C-46F6-AF0C-56514DE1E55D}"
EndProject
Project("{9A19103F-16F7-4668-BE54-9A1E7A4F7556}") = "EdFi.Ods.WebApi.CompositeSpecFlowTests", "..\..\Ed-Fi-ODS\tests\EdFi.Ods.WebApi.CompositeSpecFlowTests\EdFi.Ods.WebApi.CompositeSpecFlowTests.csproj", "{A7A3038A-B1B8-47EF-82A0-8EBD97BA020A}"
EndProject
Project("{9A19103F-16F7-4668-BE54-9A1E7A4F7556}") = "EdFi.Ods.WebApi", "EdFi.Ods.WebApi\EdFi.Ods.WebApi.csproj", "{538782E7-25DC-494D-902D-3EE2EC839DC6}"
EndProject
Global
	GlobalSection(SolutionConfigurationPlatforms) = preSolution
		Debug|Any CPU = Debug|Any CPU
		Release|Any CPU = Release|Any CPU
	EndGlobalSection
	GlobalSection(ProjectConfigurationPlatforms) = postSolution
		{8D7CB143-8818-47A8-89E8-702D485E8DA0}.Debug|Any CPU.ActiveCfg = Debug|Any CPU
		{8D7CB143-8818-47A8-89E8-702D485E8DA0}.Debug|Any CPU.Build.0 = Debug|Any CPU
		{8D7CB143-8818-47A8-89E8-702D485E8DA0}.Release|Any CPU.ActiveCfg = Release|Any CPU
		{8D7CB143-8818-47A8-89E8-702D485E8DA0}.Release|Any CPU.Build.0 = Release|Any CPU
		{86BEC77A-1EEA-4570-8AF7-DAA4E7818353}.Debug|Any CPU.ActiveCfg = Debug|Any CPU
		{86BEC77A-1EEA-4570-8AF7-DAA4E7818353}.Debug|Any CPU.Build.0 = Debug|Any CPU
		{86BEC77A-1EEA-4570-8AF7-DAA4E7818353}.Release|Any CPU.ActiveCfg = Release|Any CPU
		{86BEC77A-1EEA-4570-8AF7-DAA4E7818353}.Release|Any CPU.Build.0 = Release|Any CPU
		{DF5439DF-3B96-4E6E-970A-F9AFED6BD482}.Debug|Any CPU.ActiveCfg = Debug|Any CPU
		{DF5439DF-3B96-4E6E-970A-F9AFED6BD482}.Debug|Any CPU.Build.0 = Debug|Any CPU
		{DF5439DF-3B96-4E6E-970A-F9AFED6BD482}.Release|Any CPU.ActiveCfg = Release|Any CPU
		{DF5439DF-3B96-4E6E-970A-F9AFED6BD482}.Release|Any CPU.Build.0 = Release|Any CPU
		{21495A36-4946-4E1F-93A5-4A2AB2D5B38C}.Debug|Any CPU.ActiveCfg = Debug|Any CPU
		{21495A36-4946-4E1F-93A5-4A2AB2D5B38C}.Debug|Any CPU.Build.0 = Debug|Any CPU
		{21495A36-4946-4E1F-93A5-4A2AB2D5B38C}.Release|Any CPU.ActiveCfg = Release|Any CPU
		{21495A36-4946-4E1F-93A5-4A2AB2D5B38C}.Release|Any CPU.Build.0 = Release|Any CPU
		{41582719-A2D8-432E-9463-BD58BBD17676}.Debug|Any CPU.ActiveCfg = Debug|Any CPU
		{41582719-A2D8-432E-9463-BD58BBD17676}.Debug|Any CPU.Build.0 = Debug|Any CPU
		{41582719-A2D8-432E-9463-BD58BBD17676}.Release|Any CPU.ActiveCfg = Release|Any CPU
		{41582719-A2D8-432E-9463-BD58BBD17676}.Release|Any CPU.Build.0 = Release|Any CPU
		{2A1D92BC-C388-425E-AEEE-0668BF472CCC}.Debug|Any CPU.ActiveCfg = Debug|Any CPU
		{2A1D92BC-C388-425E-AEEE-0668BF472CCC}.Debug|Any CPU.Build.0 = Debug|Any CPU
		{2A1D92BC-C388-425E-AEEE-0668BF472CCC}.Release|Any CPU.ActiveCfg = Release|Any CPU
		{2A1D92BC-C388-425E-AEEE-0668BF472CCC}.Release|Any CPU.Build.0 = Release|Any CPU
		{06D25DDA-12C5-4EFA-AB3D-FDF08AE7A432}.Debug|Any CPU.ActiveCfg = Debug|Any CPU
		{06D25DDA-12C5-4EFA-AB3D-FDF08AE7A432}.Debug|Any CPU.Build.0 = Debug|Any CPU
		{06D25DDA-12C5-4EFA-AB3D-FDF08AE7A432}.Release|Any CPU.ActiveCfg = Release|Any CPU
		{06D25DDA-12C5-4EFA-AB3D-FDF08AE7A432}.Release|Any CPU.Build.0 = Release|Any CPU
		{E3FD8373-9915-4E06-BA2B-9DCEA0DAD6BC}.Debug|Any CPU.ActiveCfg = Debug|Any CPU
		{E3FD8373-9915-4E06-BA2B-9DCEA0DAD6BC}.Debug|Any CPU.Build.0 = Debug|Any CPU
		{E3FD8373-9915-4E06-BA2B-9DCEA0DAD6BC}.Release|Any CPU.ActiveCfg = Release|Any CPU
		{E3FD8373-9915-4E06-BA2B-9DCEA0DAD6BC}.Release|Any CPU.Build.0 = Release|Any CPU
		{BA9A0F5B-FD66-4914-B6A1-0EF09C99465F}.Debug|Any CPU.ActiveCfg = Debug|Any CPU
		{BA9A0F5B-FD66-4914-B6A1-0EF09C99465F}.Debug|Any CPU.Build.0 = Debug|Any CPU
		{BA9A0F5B-FD66-4914-B6A1-0EF09C99465F}.Release|Any CPU.ActiveCfg = Release|Any CPU
		{BA9A0F5B-FD66-4914-B6A1-0EF09C99465F}.Release|Any CPU.Build.0 = Release|Any CPU
		{8D60B22F-838D-44EC-9281-A088DBD53C91}.Debug|Any CPU.ActiveCfg = Debug|Any CPU
		{8D60B22F-838D-44EC-9281-A088DBD53C91}.Debug|Any CPU.Build.0 = Debug|Any CPU
		{8D60B22F-838D-44EC-9281-A088DBD53C91}.Release|Any CPU.ActiveCfg = Release|Any CPU
		{8D60B22F-838D-44EC-9281-A088DBD53C91}.Release|Any CPU.Build.0 = Release|Any CPU
		{3FA79048-ED88-42B9-8C32-4C51FD2AC312}.Debug|Any CPU.ActiveCfg = Debug|Any CPU
		{3FA79048-ED88-42B9-8C32-4C51FD2AC312}.Debug|Any CPU.Build.0 = Debug|Any CPU
		{3FA79048-ED88-42B9-8C32-4C51FD2AC312}.Release|Any CPU.ActiveCfg = Release|Any CPU
		{3FA79048-ED88-42B9-8C32-4C51FD2AC312}.Release|Any CPU.Build.0 = Release|Any CPU
		{26FF26B8-8A79-474C-BFAE-AA853248151C}.Debug|Any CPU.ActiveCfg = Debug|Any CPU
		{26FF26B8-8A79-474C-BFAE-AA853248151C}.Debug|Any CPU.Build.0 = Debug|Any CPU
		{26FF26B8-8A79-474C-BFAE-AA853248151C}.Release|Any CPU.ActiveCfg = Release|Any CPU
		{26FF26B8-8A79-474C-BFAE-AA853248151C}.Release|Any CPU.Build.0 = Release|Any CPU
		{61C8DC76-C6EF-43EA-8820-0796E6D3D53C}.Debug|Any CPU.ActiveCfg = Debug|Any CPU
		{61C8DC76-C6EF-43EA-8820-0796E6D3D53C}.Debug|Any CPU.Build.0 = Debug|Any CPU
		{61C8DC76-C6EF-43EA-8820-0796E6D3D53C}.Release|Any CPU.ActiveCfg = Release|Any CPU
		{61C8DC76-C6EF-43EA-8820-0796E6D3D53C}.Release|Any CPU.Build.0 = Release|Any CPU
		{DFD89624-8424-4878-8DF4-3C7C449AF990}.Debug|Any CPU.ActiveCfg = Debug|Any CPU
		{DFD89624-8424-4878-8DF4-3C7C449AF990}.Debug|Any CPU.Build.0 = Debug|Any CPU
		{DFD89624-8424-4878-8DF4-3C7C449AF990}.Release|Any CPU.ActiveCfg = Release|Any CPU
		{DFD89624-8424-4878-8DF4-3C7C449AF990}.Release|Any CPU.Build.0 = Release|Any CPU
		{6371DB70-4AC7-48F3-AFE2-C87736FCEB9A}.Debug|Any CPU.ActiveCfg = Debug|Any CPU
		{6371DB70-4AC7-48F3-AFE2-C87736FCEB9A}.Debug|Any CPU.Build.0 = Debug|Any CPU
		{6371DB70-4AC7-48F3-AFE2-C87736FCEB9A}.Release|Any CPU.ActiveCfg = Release|Any CPU
		{6371DB70-4AC7-48F3-AFE2-C87736FCEB9A}.Release|Any CPU.Build.0 = Release|Any CPU
		{F77C0D3C-0CBC-45AF-A0C0-2604D629CF6E}.Debug|Any CPU.ActiveCfg = Debug|Any CPU
		{F77C0D3C-0CBC-45AF-A0C0-2604D629CF6E}.Debug|Any CPU.Build.0 = Debug|Any CPU
		{F77C0D3C-0CBC-45AF-A0C0-2604D629CF6E}.Release|Any CPU.ActiveCfg = Release|Any CPU
		{F77C0D3C-0CBC-45AF-A0C0-2604D629CF6E}.Release|Any CPU.Build.0 = Release|Any CPU
		{1ACF010B-2092-4377-844E-FD710B6404BD}.Debug|Any CPU.ActiveCfg = Debug|Any CPU
		{1ACF010B-2092-4377-844E-FD710B6404BD}.Debug|Any CPU.Build.0 = Debug|Any CPU
		{1ACF010B-2092-4377-844E-FD710B6404BD}.Release|Any CPU.ActiveCfg = Release|Any CPU
		{1ACF010B-2092-4377-844E-FD710B6404BD}.Release|Any CPU.Build.0 = Release|Any CPU
		{E18A4602-21A7-4737-BEB3-D3ED06EB4C81}.Debug|Any CPU.ActiveCfg = Debug|Any CPU
		{E18A4602-21A7-4737-BEB3-D3ED06EB4C81}.Debug|Any CPU.Build.0 = Debug|Any CPU
		{E18A4602-21A7-4737-BEB3-D3ED06EB4C81}.Release|Any CPU.ActiveCfg = Release|Any CPU
		{E18A4602-21A7-4737-BEB3-D3ED06EB4C81}.Release|Any CPU.Build.0 = Release|Any CPU
		{42E7C6B0-4EFF-4AB6-8083-7AF7CBE2288F}.Debug|Any CPU.ActiveCfg = Debug|Any CPU
		{42E7C6B0-4EFF-4AB6-8083-7AF7CBE2288F}.Debug|Any CPU.Build.0 = Debug|Any CPU
		{42E7C6B0-4EFF-4AB6-8083-7AF7CBE2288F}.Release|Any CPU.ActiveCfg = Release|Any CPU
		{42E7C6B0-4EFF-4AB6-8083-7AF7CBE2288F}.Release|Any CPU.Build.0 = Release|Any CPU
		{5D29E54C-0788-42D3-AC34-F7E144975458}.Debug|Any CPU.ActiveCfg = Debug|Any CPU
		{5D29E54C-0788-42D3-AC34-F7E144975458}.Debug|Any CPU.Build.0 = Debug|Any CPU
		{5D29E54C-0788-42D3-AC34-F7E144975458}.Release|Any CPU.ActiveCfg = Release|Any CPU
		{5D29E54C-0788-42D3-AC34-F7E144975458}.Release|Any CPU.Build.0 = Release|Any CPU
		{64381013-0EDC-46D3-9E24-E5500DF00A2A}.Debug|Any CPU.ActiveCfg = Debug|Any CPU
		{64381013-0EDC-46D3-9E24-E5500DF00A2A}.Debug|Any CPU.Build.0 = Debug|Any CPU
		{64381013-0EDC-46D3-9E24-E5500DF00A2A}.Release|Any CPU.ActiveCfg = Release|Any CPU
		{64381013-0EDC-46D3-9E24-E5500DF00A2A}.Release|Any CPU.Build.0 = Release|Any CPU
		{81FE570F-FDA0-4184-8F26-D925423FDE57}.Debug|Any CPU.ActiveCfg = Debug|Any CPU
		{81FE570F-FDA0-4184-8F26-D925423FDE57}.Debug|Any CPU.Build.0 = Debug|Any CPU
		{81FE570F-FDA0-4184-8F26-D925423FDE57}.Release|Any CPU.ActiveCfg = Release|Any CPU
		{81FE570F-FDA0-4184-8F26-D925423FDE57}.Release|Any CPU.Build.0 = Release|Any CPU
		{37CB77F7-1C51-480C-B536-CDBF5DE26E10}.Debug|Any CPU.ActiveCfg = Debug|Any CPU
		{37CB77F7-1C51-480C-B536-CDBF5DE26E10}.Debug|Any CPU.Build.0 = Debug|Any CPU
		{37CB77F7-1C51-480C-B536-CDBF5DE26E10}.Release|Any CPU.ActiveCfg = Release|Any CPU
		{37CB77F7-1C51-480C-B536-CDBF5DE26E10}.Release|Any CPU.Build.0 = Release|Any CPU
		{11894549-6088-46EA-BBD9-52F254E70FDA}.Debug|Any CPU.ActiveCfg = Debug|Any CPU
		{11894549-6088-46EA-BBD9-52F254E70FDA}.Debug|Any CPU.Build.0 = Debug|Any CPU
		{11894549-6088-46EA-BBD9-52F254E70FDA}.Release|Any CPU.ActiveCfg = Release|Any CPU
		{11894549-6088-46EA-BBD9-52F254E70FDA}.Release|Any CPU.Build.0 = Release|Any CPU
		{D2E6E31D-FA21-4CF6-8C59-CF69BE4FDD50}.Debug|Any CPU.ActiveCfg = Debug|Any CPU
		{D2E6E31D-FA21-4CF6-8C59-CF69BE4FDD50}.Debug|Any CPU.Build.0 = Debug|Any CPU
		{D2E6E31D-FA21-4CF6-8C59-CF69BE4FDD50}.Release|Any CPU.ActiveCfg = Release|Any CPU
		{D2E6E31D-FA21-4CF6-8C59-CF69BE4FDD50}.Release|Any CPU.Build.0 = Release|Any CPU
		{CBD9894A-188C-46F6-AF0C-56514DE1E55D}.Debug|Any CPU.ActiveCfg = Debug|Any CPU
		{CBD9894A-188C-46F6-AF0C-56514DE1E55D}.Debug|Any CPU.Build.0 = Debug|Any CPU
		{CBD9894A-188C-46F6-AF0C-56514DE1E55D}.Release|Any CPU.ActiveCfg = Release|Any CPU
		{CBD9894A-188C-46F6-AF0C-56514DE1E55D}.Release|Any CPU.Build.0 = Release|Any CPU
		{A7A3038A-B1B8-47EF-82A0-8EBD97BA020A}.Debug|Any CPU.ActiveCfg = Debug|Any CPU
		{A7A3038A-B1B8-47EF-82A0-8EBD97BA020A}.Debug|Any CPU.Build.0 = Debug|Any CPU
		{A7A3038A-B1B8-47EF-82A0-8EBD97BA020A}.Release|Any CPU.ActiveCfg = Release|Any CPU
		{A7A3038A-B1B8-47EF-82A0-8EBD97BA020A}.Release|Any CPU.Build.0 = Release|Any CPU
		{538782E7-25DC-494D-902D-3EE2EC839DC6}.Debug|Any CPU.ActiveCfg = Debug|Any CPU
		{538782E7-25DC-494D-902D-3EE2EC839DC6}.Debug|Any CPU.Build.0 = Debug|Any CPU
		{538782E7-25DC-494D-902D-3EE2EC839DC6}.Release|Any CPU.ActiveCfg = Release|Any CPU
		{538782E7-25DC-494D-902D-3EE2EC839DC6}.Release|Any CPU.Build.0 = Release|Any CPU
	EndGlobalSection
	GlobalSection(SolutionProperties) = preSolution
		HideSolutionNode = FALSE
	EndGlobalSection
	GlobalSection(NestedProjects) = preSolution
		{86BEC77A-1EEA-4570-8AF7-DAA4E7818353} = {DC40CF8E-5A05-454E-8D56-6157F3A25C82}
		{DF5439DF-3B96-4E6E-970A-F9AFED6BD482} = {DE7A9EA6-C3EE-4F6F-BEFB-3101E0D7DF5E}
		{DE7A9EA6-C3EE-4F6F-BEFB-3101E0D7DF5E} = {F014EF5F-7ACE-48B8-BF62-DDBC9AD90630}
		{21495A36-4946-4E1F-93A5-4A2AB2D5B38C} = {4F8E0044-5DB6-4964-A8F2-3776560FB39E}
		{41582719-A2D8-432E-9463-BD58BBD17676} = {3AD03A98-4A2C-42F1-997D-2468A0CCB77D}
		{06D25DDA-12C5-4EFA-AB3D-FDF08AE7A432} = {14352B5E-2434-4117-A063-2BBD4D87464D}
		{3AD03A98-4A2C-42F1-997D-2468A0CCB77D} = {F014EF5F-7ACE-48B8-BF62-DDBC9AD90630}
		{14352B5E-2434-4117-A063-2BBD4D87464D} = {F014EF5F-7ACE-48B8-BF62-DDBC9AD90630}
		{E3FD8373-9915-4E06-BA2B-9DCEA0DAD6BC} = {6B596494-5C35-4A04-93A8-13B21EBF9910}
		{BA9A0F5B-FD66-4914-B6A1-0EF09C99465F} = {5A1504BF-181C-4948-B9A7-FAA57C88B087}
		{8D60B22F-838D-44EC-9281-A088DBD53C91} = {5A1504BF-181C-4948-B9A7-FAA57C88B087}
		{3FA79048-ED88-42B9-8C32-4C51FD2AC312} = {3FF80F38-E44A-4CE0-B274-793E3E9B7042}
		{FB19CCCC-DDD6-4751-83FF-937C39CEAA31} = {F014EF5F-7ACE-48B8-BF62-DDBC9AD90630}
		{26FF26B8-8A79-474C-BFAE-AA853248151C} = {FB19CCCC-DDD6-4751-83FF-937C39CEAA31}
		{61C8DC76-C6EF-43EA-8820-0796E6D3D53C} = {3AD03A98-4A2C-42F1-997D-2468A0CCB77D}
		{DFD89624-8424-4878-8DF4-3C7C449AF990} = {E214F607-B637-4AF5-9A68-61CB86507E4A}
		{6371DB70-4AC7-48F3-AFE2-C87736FCEB9A} = {3AD03A98-4A2C-42F1-997D-2468A0CCB77D}
		{F77C0D3C-0CBC-45AF-A0C0-2604D629CF6E} = {DE7A9EA6-C3EE-4F6F-BEFB-3101E0D7DF5E}
		{1ACF010B-2092-4377-844E-FD710B6404BD} = {4F8E0044-5DB6-4964-A8F2-3776560FB39E}
		{E18A4602-21A7-4737-BEB3-D3ED06EB4C81} = {DC40CF8E-5A05-454E-8D56-6157F3A25C82}
		{42E7C6B0-4EFF-4AB6-8083-7AF7CBE2288F} = {14352B5E-2434-4117-A063-2BBD4D87464D}
		{5D29E54C-0788-42D3-AC34-F7E144975458} = {14352B5E-2434-4117-A063-2BBD4D87464D}
		{64381013-0EDC-46D3-9E24-E5500DF00A2A} = {E214F607-B637-4AF5-9A68-61CB86507E4A}
		{81FE570F-FDA0-4184-8F26-D925423FDE57} = {DE7A9EA6-C3EE-4F6F-BEFB-3101E0D7DF5E}
		{37CB77F7-1C51-480C-B536-CDBF5DE26E10} = {14352B5E-2434-4117-A063-2BBD4D87464D}
		{11894549-6088-46EA-BBD9-52F254E70FDA} = {26FBA24F-2F1E-47EA-BDE2-EF57AE81D65D}
		{D2E6E31D-FA21-4CF6-8C59-CF69BE4FDD50} = {26FBA24F-2F1E-47EA-BDE2-EF57AE81D65D}
		{CBD9894A-188C-46F6-AF0C-56514DE1E55D} = {3AD03A98-4A2C-42F1-997D-2468A0CCB77D}
		{A7A3038A-B1B8-47EF-82A0-8EBD97BA020A} = {3AD03A98-4A2C-42F1-997D-2468A0CCB77D}
		{538782E7-25DC-494D-902D-3EE2EC839DC6} = {26FBA24F-2F1E-47EA-BDE2-EF57AE81D65D}
	EndGlobalSection
	GlobalSection(ExtensibilityGlobals) = postSolution
		SolutionGuid = {91F27EA2-CFF0-4054-A019-B8AA23AF9319}
	EndGlobalSection
EndGlobal
